
Microsoft Visual Studio Solution File, Format Version 11.00
# Visual Studio 2010
Project("{FAE04EC0-301F-11D3-BF4B-00C04F79EFBC}") = "显示单击按钮次数(作业)", "显示单击按钮次数(作业)\显示单击按钮次数(作业).csproj", "{83790AED-EEE7-4F18-B7FC-26D33089DDD2}"
EndProject
Global
	GlobalSection(SolutionConfigurationPlatforms) = preSolution
		Debug|x86 = Debug|x86
		Release|x86 = Release|x86
	EndGlobalSection
	GlobalSection(ProjectConfigurationPlatforms) = postSolution
		{83790AED-EEE7-4F18-B7FC-26D33089DDD2}.Debug|x86.ActiveCfg = Debug|x86
		{83790AED-EEE7-4F18-B7FC-26D33089DDD2}.Debug|x86.Build.0 = Debug|x86
		{83790AED-EEE7-4F18-B7FC-26D33089DDD2}.Release|x86.ActiveCfg = Release|x86
		{83790AED-EEE7-4F18-B7FC-26D33089DDD2}.Release|x86.Build.0 = Release|x86
	EndGlobalSection
	GlobalSection(SolutionProperties) = preSolution
		HideSolutionNode = FALSE
	EndGlobalSection
EndGlobal
