
Microsoft Visual Studio Solution File, Format Version 11.00
# Visual Studio 2010
Project("{FAE04EC0-301F-11D3-BF4B-00C04F79EFBC}") = "同步套接字编写服务器端", "同步套接字编写服务器端\同步套接字编写服务器端.csproj", "{D04397CD-4777-4AF4-B5F1-55D7628D0EDD}"
EndProject
Global
	GlobalSection(SolutionConfigurationPlatforms) = preSolution
		Debug|x86 = Debug|x86
		Release|x86 = Release|x86
	EndGlobalSection
	GlobalSection(ProjectConfigurationPlatforms) = postSolution
		{D04397CD-4777-4AF4-B5F1-55D7628D0EDD}.Debug|x86.ActiveCfg = Debug|x86
		{D04397CD-4777-4AF4-B5F1-55D7628D0EDD}.Debug|x86.Build.0 = Debug|x86
		{D04397CD-4777-4AF4-B5F1-55D7628D0EDD}.Release|x86.ActiveCfg = Release|x86
		{D04397CD-4777-4AF4-B5F1-55D7628D0EDD}.Release|x86.Build.0 = Release|x86
	EndGlobalSection
	GlobalSection(SolutionProperties) = preSolution
		HideSolutionNode = FALSE
	EndGlobalSection
EndGlobal
